{
  "nodes": {
    "caveman": {
      "flake": false,
      "locked": {
        "lastModified": 1789491774,
        "narHash": "sha256-oL/BVGPo5ZsXkZB9/HxE2ss5IdE8s76GvDTZ/hNCW2M=",
        "owner": "JuliusBrussee",
        "repo": "caveman",
        "rev": "ed37ab132393899c129bbeef2b9743ff3af19c68",
        "type": "github"
      },
      "original": {
        "owner": "JuliusBrussee",
        "repo": "caveman",
        "type": "github"
      }
    },
    "claude-plugins-official": {
      "flake": false,
      "locked": {
        "lastModified": 1789524931,
        "narHash": "sha256-q0KVwL/GmnFt1KoV2RTk3w1ZQwzVlRHGQcvDvnqKSzY=",
        "owner": "anthropics",
        "repo": "claude-plugins-official",
        "rev": "76c85b7366c8be78ce3ac67dd21945b3960d1a8c",
        "type": "github"
      },
      "original": {
        "owner": "anthropics",
        "repo": "claude-plugins-official",
        "type": "github"
      }
    },
    "flake-parts": {
      "inputs": {
        "nixpkgs-lib": "nixpkgs-lib"
      },
      "locked": {
        "lastModified": 1788450739,
        "narHash": "sha256-glZLQlzIn1fXH6PazR2iUmTo7kzzyYSshrWhLS9TqCU=",
        "owner": "hercules-ci",
        "repo": "flake-parts",
        "rev": "31729ca8cbdb4fa927b34e5f4353e6a83f39e993",
        "type": "github"
      },
      "original": {
        "owner": "hercules-ci",
        "repo": "flake-parts",
        "type": "github"
      }
    },
    "flake-parts_2": {
      "inputs": {
        "nixpkgs-lib": [
          "nixvim",
          "nixpkgs"
        ]
      },
      "locked": {
        "lastModified": 1788450739,
        "narHash": "sha256-glZLQlzIn1fXH6PazR2iUmTo7kzzyYSshrWhLS9TqCU=",
        "owner": "hercules-ci",
        "repo": "flake-parts",
        "rev": "31729ca8cbdb4fa927b34e5f4353e6a83f39e993",
        "type": "github"
      },
      "original": {
        "owner": "hercules-ci",
        "repo": "flake-parts",
        "type": "github"
      }
    },
    "grafana-skills": {
      "flake": false,
      "locked": {
        "lastModified": 1789471210,
        "narHash": "sha256-y4e2j8S+KlWntXrZxfBCh/tlFcEEmdqrf/BIPTEvy38=",
        "owner": "grafana",
        "repo": "skills",
        "rev": "05196628fa1a6a557fad1a5623156170693607eb",
        "type": "github"
      },
      "original": {
        "owner": "grafana",
        "repo": "skills",
        "type": "github"
      }
    },
    "home-manager": {
      "inputs": {
        "nixpkgs": [
          "nixpkgs"
        ]
      },
      "locked": {
        "lastModified": 1789482455,
        "narHash": "sha256-pD3qVlQ4mUCFoTWrYtxecpSitQMsgJvJIN0FUIDZoEU=",
        "owner": "nix-community",
        "repo": "home-manager",
        "rev": "efa3ccb4c3cc90d832eab232976379058fa75aa3",
        "type": "github"
      },
      "original": {
        "owner": "nix-community",
        "repo": "home-manager",
        "type": "github"
      }
    },
    "import-tree": {
      "locked": {
        "lastModified": 1788467110,
        "narHash": "sha256-ljEMTXP/rH0tOvDzc9gzwww6KcHRPRnEHzd9lK48V7s=",
        "owner": "vic",
        "repo": "import-tree",
        "rev": "eb1b52eaecc57f7c136d07ae8a93e724dfecac46",
        "type": "github"
      },
      "original": {
        "owner": "vic",
        "repo": "import-tree",
        "type": "github"
      }
    },
    "mattpocock-skills": {
      "flake": false,
      "locked": {
        "lastModified": 1789482526,
        "narHash": "sha256-AbIlPEE0VWJq+NJpa56SDzhM8o7vXDBtlJHS5FCTElE=",
        "owner": "mattpocock",
        "repo": "skills",
        "rev": "959a8e9f1edc3adbe2f7e3054bb6fbefa6696260",
        "type": "github"
      },
      "original": {
        "owner": "mattpocock",
        "repo": "skills",
        "type": "github"
      }
    },
    "nixpkgs": {
      "locked": {
        "lastModified": 1789286504,
        "narHash": "sha256-eiEK7cKZORNEvX0GeF3RtNEF/JXhgf2RqSp3230q13E=",
        "owner": "NixOS",
        "repo": "nixpkgs",
        "rev": "ef34387ddd751e1ab8857adf4676492d32eb24ec",
        "type": "github"
      },
      "original": {
        "owner": "NixOS",
        "ref": "nixos-unstable",
        "repo": "nixpkgs",
        "type": "github"
      }
    },
    "nixpkgs-lib": {
      "locked": {
        "lastModified": 1788057806,
        "narHash": "sha256-DTQSMxzDWmT0zhguthvegnVkn7CFqGCv4IHCzk5ZUpM=",
        "owner": "nix-community",
        "repo": "nixpkgs.lib",
        "rev": "596e2e3940e09b2abbeb03f75fa1828c57fcd72c",
        "type": "github"
      },
      "original": {
        "owner": "nix-community",
        "repo": "nixpkgs.lib",
        "type": "github"
      }
    },
    "nixvim": {
      "inputs": {
        "flake-parts": "flake-parts_2",
        "nixpkgs": [
          "nixpkgs"
        ],
        "systems": "systems"
      },
      "locked": {
        "lastModified": 1789344271,
        "narHash": "sha256-ezmg5oQSZWYdmomx6K1J+/6w7dRc7bquDMggc8eAE28=",
        "owner": "nix-community",
        "repo": "nixvim",
        "rev": "afcfb8c1dc075881bbaa6fa5745aebbdb179f8b8",
        "type": "github"
      },
      "original": {
        "owner": "nix-community",
        "repo": "nixvim",
        "type": "github"
      }
    },
    "root": {
      "inputs": {
        "caveman": "caveman",
        "claude-plugins-official": "claude-plugins-official",
        "flake-parts": "flake-parts",
        "grafana-skills": "grafana-skills",
        "home-manager": "home-manager",
        "import-tree": "import-tree",
        "mattpocock-skills": "mattpocock-skills",
        "nixpkgs": "nixpkgs",
        "nixvim": "nixvim",
        "skill-optimizer": "skill-optimizer",
        "sops-nix": "sops-nix",
        "stop-slop": "stop-slop"
      }
    },
    "skill-optimizer": {
      "flake": false,
      "locked": {
        "lastModified": 1778743528,
        "narHash": "sha256-bmlc9nD0Tz62sy+Grvt6ZWhuNQjk6AjuMy0aLPw+ZE8=",
        "owner": "hqhq1025",
        "repo": "skill-optimizer",
        "rev": "b9ffd1513e84136b72e2b6f041dc1ebfd9e23a84",
        "type": "github"
      },
      "original": {
        "owner": "hqhq1025",
        "repo": "skill-optimizer",
        "type": "github"
      }
    },
    "sops-nix": {
      "inputs": {
        "nixpkgs": [
          "nixpkgs"
        ]
      },
      "locked": {
        "lastModified": 1788914643,
        "narHash": "sha256-4GuMPW90JSxXWDPUB9M+1m7fYbe3H0apOd86/zBQ2Kw=",
        "owner": "Mic92",
        "repo": "sops-nix",
        "rev": "13616fff713a9f94055c66f15687ebdc17a335df",
        "type": "github"
      },
      "original": {
        "owner": "Mic92",
        "repo": "sops-nix",
        "type": "github"
      }
    },
    "stop-slop": {
      "flake": false,
      "locked": {
        "lastModified": 1773773436,
        "narHash": "sha256-JMqlCRVEAfwG1TLMDpnamznkBfkmX6e2XyETTTH/TSE=",
        "owner": "hardikpandya",
        "repo": "stop-slop",
        "rev": "8da1f030185bdfe8471220585162991eaeb970e9",
        "type": "github"
      },
      "original": {
        "owner": "hardikpandya",
        "repo": "stop-slop",
        "type": "github"
      }
    },
    "systems": {
      "flake": false,
      "locked": {
        "lastModified": 1774449309,
        "narHash": "sha256-brhZ8DmuGtzkCYHJg4HEd602amKm89Y9ytsFZ5uWD1w=",
        "owner": "nix-systems",
        "repo": "default",
        "rev": "c29398b59d2048c4ab79345812849c9bd15e9150",
        "type": "github"
      },
      "original": {
        "owner": "nix-systems",
        "ref": "future-26.11",
        "repo": "default",
        "type": "github"
      }
    }
  },
  "root": "root",
  "version": 7
}
