{
  "nodes": {
    "caveman": {
      "flake": false,
      "locked": {
        "lastModified": 1788356929,
        "narHash": "sha256-ovnxzvmLxg+kS2nog6MLVLKD76+SVlqyBs54V3jGmLo=",
        "owner": "JuliusBrussee",
        "repo": "caveman",
        "rev": "3b74643f4d910f496babd4e634b1ba7168816f14",
        "type": "github"
      },
      "original": {
        "owner": "JuliusBrussee",
        "repo": "caveman",
        "type": "github"
      }
    },
    "claude-plugins-official": {
      "flake": false,
      "locked": {
        "lastModified": 1788353255,
        "narHash": "sha256-gTTNQyYCyVQYW4/+v1q6otKOO1k5qAQSf7oExJuiOjw=",
        "owner": "anthropics",
        "repo": "claude-plugins-official",
        "rev": "0120fb83da5d7cdaa52dd11979690f2dc5f76052",
        "type": "github"
      },
      "original": {
        "owner": "anthropics",
        "repo": "claude-plugins-official",
        "type": "github"
      }
    },
    "flake-parts": {
      "inputs": {
        "nixpkgs-lib": "nixpkgs-lib"
      },
      "locked": {
        "lastModified": 1785627969,
        "narHash": "sha256-4dtXQk/NMePegK/nWp5NSeuZKLATItOq61lpEvmXqGw=",
        "owner": "hercules-ci",
        "repo": "flake-parts",
        "rev": "427bf4bd9435fdf21321c8cc628c24efc14c0f7a",
        "type": "github"
      },
      "original": {
        "owner": "hercules-ci",
        "repo": "flake-parts",
        "type": "github"
      }
    },
    "flake-parts_2": {
      "inputs": {
        "nixpkgs-lib": [
          "nixvim",
          "nixpkgs"
        ]
      },
      "locked": {
        "lastModified": 1787559586,
        "narHash": "sha256-onL0VLf9vPllmT0H/OlURIU5r5t5WIEl7t4tVNKT0Nw=",
        "owner": "hercules-ci",
        "repo": "flake-parts",
        "rev": "9d0d87172c374f89da73c1cfe6d81ae62feac1f1",
        "type": "github"
      },
      "original": {
        "owner": "hercules-ci",
        "repo": "flake-parts",
        "type": "github"
      }
    },
    "grafana-skills": {
      "flake": false,
      "locked": {
        "lastModified": 1787042336,
        "narHash": "sha256-13pDO69zgLkDjJ49O/8a4ncmm6MTppAhDK8wioELpwY=",
        "owner": "grafana",
        "repo": "skills",
        "rev": "51d33e71e191b409bbd25fc7be2684c610d18166",
        "type": "github"
      },
      "original": {
        "owner": "grafana",
        "repo": "skills",
        "type": "github"
      }
    },
    "home-manager": {
      "inputs": {
        "nixpkgs": [
          "nixpkgs"
        ]
      },
      "locked": {
        "lastModified": 1786656209,
        "narHash": "sha256-ybGtuwGKTUCefKYsplzvw4xcCqznto0c7BaiQhgILtA=",
        "owner": "nix-community",
        "repo": "home-manager",
        "rev": "c554d3441f725537854e877519f01cbd60680174",
        "type": "github"
      },
      "original": {
        "owner": "nix-community",
        "repo": "home-manager",
        "type": "github"
      }
    },
    "import-tree": {
      "locked": {
        "lastModified": 1784254960,
        "narHash": "sha256-iI88R3wHz8wTKQb5orvpc51L/Xr64AJyxid/0MKa/b8=",
        "owner": "vic",
        "repo": "import-tree",
        "rev": "4ebb10ae17d5f1ad366e7aef5b92cb8eecf24f69",
        "type": "github"
      },
      "original": {
        "owner": "vic",
        "repo": "import-tree",
        "type": "github"
      }
    },
    "mattpocock-skills": {
      "flake": false,
      "locked": {
        "lastModified": 1787581197,
        "narHash": "sha256-N5tpUIHO2VFeJntBTl6/VLDIVpqoshwFxNJlfXXUwsQ=",
        "owner": "mattpocock",
        "repo": "skills",
        "rev": "6654f6b60cd9d5be8b54c6fafe44346dabeb3b76",
        "type": "github"
      },
      "original": {
        "owner": "mattpocock",
        "repo": "skills",
        "type": "github"
      }
    },
    "nixpkgs": {
      "locked": {
        "lastModified": 1786599213,
        "narHash": "sha256-yNJd40f11EzXBjSByCB7IPpeFFAdeoSKKM67dGkfFoU=",
        "owner": "NixOS",
        "repo": "nixpkgs",
        "rev": "0e251e24a4f24e036a084b6b4b2d2491af4167f4",
        "type": "github"
      },
      "original": {
        "owner": "NixOS",
        "ref": "nixos-unstable",
        "repo": "nixpkgs",
        "type": "github"
      }
    },
    "nixpkgs-lib": {
      "locked": {
        "lastModified": 1785031560,
        "narHash": "sha256-OmshNvn2vupOFpYinLUu+1Dnpu4n7Q5N3ggGVNHpkUI=",
        "owner": "nix-community",
        "repo": "nixpkgs.lib",
        "rev": "0e79af5e3d4dcfcd676ab5ba3f95d2e3352e078c",
        "type": "github"
      },
      "original": {
        "owner": "nix-community",
        "repo": "nixpkgs.lib",
        "type": "github"
      }
    },
    "nixvim": {
      "inputs": {
        "flake-parts": "flake-parts_2",
        "nixpkgs": [
          "nixpkgs"
        ],
        "systems": "systems"
      },
      "locked": {
        "lastModified": 1787862710,
        "narHash": "sha256-dL1Tv7LekaTWUJxHRckjbupWczDdc3QOgRuVCM+WAvQ=",
        "owner": "nix-community",
        "repo": "nixvim",
        "rev": "8c096abcf376137527c134da4ee210332b08ccc0",
        "type": "github"
      },
      "original": {
        "owner": "nix-community",
        "repo": "nixvim",
        "type": "github"
      }
    },
    "root": {
      "inputs": {
        "caveman": "caveman",
        "claude-plugins-official": "claude-plugins-official",
        "flake-parts": "flake-parts",
        "grafana-skills": "grafana-skills",
        "home-manager": "home-manager",
        "import-tree": "import-tree",
        "mattpocock-skills": "mattpocock-skills",
        "nixpkgs": "nixpkgs",
        "nixvim": "nixvim",
        "skill-optimizer": "skill-optimizer",
        "sops-nix": "sops-nix",
        "stop-slop": "stop-slop"
      }
    },
    "skill-optimizer": {
      "flake": false,
      "locked": {
        "lastModified": 1778743528,
        "narHash": "sha256-bmlc9nD0Tz62sy+Grvt6ZWhuNQjk6AjuMy0aLPw+ZE8=",
        "owner": "hqhq1025",
        "repo": "skill-optimizer",
        "rev": "b9ffd1513e84136b72e2b6f041dc1ebfd9e23a84",
        "type": "github"
      },
      "original": {
        "owner": "hqhq1025",
        "repo": "skill-optimizer",
        "type": "github"
      }
    },
    "sops-nix": {
      "inputs": {
        "nixpkgs": [
          "nixpkgs"
        ]
      },
      "locked": {
        "lastModified": 1786629091,
        "narHash": "sha256-gkig4nPi1CWc4Z50GBsjE4ygSE7hMpl/TwID2an2Cck=",
        "owner": "Mic92",
        "repo": "sops-nix",
        "rev": "a8627b21b9107c5711c96b84f32a9a4b3d45295f",
        "type": "github"
      },
      "original": {
        "owner": "Mic92",
        "repo": "sops-nix",
        "type": "github"
      }
    },
    "stop-slop": {
      "flake": false,
      "locked": {
        "lastModified": 1773773436,
        "narHash": "sha256-JMqlCRVEAfwG1TLMDpnamznkBfkmX6e2XyETTTH/TSE=",
        "owner": "hardikpandya",
        "repo": "stop-slop",
        "rev": "8da1f030185bdfe8471220585162991eaeb970e9",
        "type": "github"
      },
      "original": {
        "owner": "hardikpandya",
        "repo": "stop-slop",
        "type": "github"
      }
    },
    "systems": {
      "flake": false,
      "locked": {
        "lastModified": 1774449309,
        "narHash": "sha256-brhZ8DmuGtzkCYHJg4HEd602amKm89Y9ytsFZ5uWD1w=",
        "owner": "nix-systems",
        "repo": "default",
        "rev": "c29398b59d2048c4ab79345812849c9bd15e9150",
        "type": "github"
      },
      "original": {
        "owner": "nix-systems",
        "ref": "future-26.11",
        "repo": "default",
        "type": "github"
      }
    }
  },
  "root": "root",
  "version": 7
}
