{
  "nodes": {
    "caveman": {
      "flake": false,
      "locked": {
        "lastModified": 1788769183,
        "narHash": "sha256-GuCK3oy0DsMOQq7gHjIY/aeaukJcTvelfg+tp7R7Du4=",
        "owner": "JuliusBrussee",
        "repo": "caveman",
        "rev": "15581d14007fd01fb3f132016741962f34936ca2",
        "type": "github"
      },
      "original": {
        "owner": "JuliusBrussee",
        "repo": "caveman",
        "type": "github"
      }
    },
    "claude-plugins-official": {
      "flake": false,
      "locked": {
        "lastModified": 1788903573,
        "narHash": "sha256-BkkIWwbGj8RtGFCXY3+McPzLmP9pYhWMAmpZsVUMi4M=",
        "owner": "anthropics",
        "repo": "claude-plugins-official",
        "rev": "517b2fcd1b60fa2181ac52dcf8492361ba341180",
        "type": "github"
      },
      "original": {
        "owner": "anthropics",
        "repo": "claude-plugins-official",
        "type": "github"
      }
    },
    "flake-parts": {
      "inputs": {
        "nixpkgs-lib": "nixpkgs-lib"
      },
      "locked": {
        "lastModified": 1788450739,
        "narHash": "sha256-glZLQlzIn1fXH6PazR2iUmTo7kzzyYSshrWhLS9TqCU=",
        "owner": "hercules-ci",
        "repo": "flake-parts",
        "rev": "31729ca8cbdb4fa927b34e5f4353e6a83f39e993",
        "type": "github"
      },
      "original": {
        "owner": "hercules-ci",
        "repo": "flake-parts",
        "type": "github"
      }
    },
    "flake-parts_2": {
      "inputs": {
        "nixpkgs-lib": [
          "nixvim",
          "nixpkgs"
        ]
      },
      "locked": {
        "lastModified": 1787559586,
        "narHash": "sha256-onL0VLf9vPllmT0H/OlURIU5r5t5WIEl7t4tVNKT0Nw=",
        "owner": "hercules-ci",
        "repo": "flake-parts",
        "rev": "9d0d87172c374f89da73c1cfe6d81ae62feac1f1",
        "type": "github"
      },
      "original": {
        "owner": "hercules-ci",
        "repo": "flake-parts",
        "type": "github"
      }
    },
    "grafana-skills": {
      "flake": false,
      "locked": {
        "lastModified": 1788822875,
        "narHash": "sha256-wJasQ5bbbr0DTAzi2Gl0W8R3PEXgy/TSxrsREh5khvs=",
        "owner": "grafana",
        "repo": "skills",
        "rev": "9039ddb2e87100e9e740afcb2200a2ea5d17bed3",
        "type": "github"
      },
      "original": {
        "owner": "grafana",
        "repo": "skills",
        "type": "github"
      }
    },
    "home-manager": {
      "inputs": {
        "nixpkgs": [
          "nixpkgs"
        ]
      },
      "locked": {
        "lastModified": 1788921139,
        "narHash": "sha256-2wRuvf9UDw1SYWtBcxNmxLeAtNU1i/hc1c0AKQHdvlM=",
        "owner": "nix-community",
        "repo": "home-manager",
        "rev": "a2dbe7c2c9333e8234ae8114c7f731784201d108",
        "type": "github"
      },
      "original": {
        "owner": "nix-community",
        "repo": "home-manager",
        "type": "github"
      }
    },
    "import-tree": {
      "locked": {
        "lastModified": 1788467110,
        "narHash": "sha256-ljEMTXP/rH0tOvDzc9gzwww6KcHRPRnEHzd9lK48V7s=",
        "owner": "vic",
        "repo": "import-tree",
        "rev": "eb1b52eaecc57f7c136d07ae8a93e724dfecac46",
        "type": "github"
      },
      "original": {
        "owner": "vic",
        "repo": "import-tree",
        "type": "github"
      }
    },
    "mattpocock-skills": {
      "flake": false,
      "locked": {
        "lastModified": 1788511407,
        "narHash": "sha256-dF5i37jHnqfcXD1IRSVzSSm/pfCYSUmOsEhhs5Zx340=",
        "owner": "mattpocock",
        "repo": "skills",
        "rev": "3cca18b368ae95cdbdebbff572ccafa662551015",
        "type": "github"
      },
      "original": {
        "owner": "mattpocock",
        "repo": "skills",
        "type": "github"
      }
    },
    "nixpkgs": {
      "locked": {
        "lastModified": 1788881743,
        "narHash": "sha256-2V9GZGvPfrNzxFozhI9dcqV+c3QdA8YZrvAAzqEB+dI=",
        "owner": "NixOS",
        "repo": "nixpkgs",
        "rev": "d6524aaca2ff07876657ae2b323f24be4874944b",
        "type": "github"
      },
      "original": {
        "owner": "NixOS",
        "ref": "nixos-unstable",
        "repo": "nixpkgs",
        "type": "github"
      }
    },
    "nixpkgs-lib": {
      "locked": {
        "lastModified": 1788057806,
        "narHash": "sha256-DTQSMxzDWmT0zhguthvegnVkn7CFqGCv4IHCzk5ZUpM=",
        "owner": "nix-community",
        "repo": "nixpkgs.lib",
        "rev": "596e2e3940e09b2abbeb03f75fa1828c57fcd72c",
        "type": "github"
      },
      "original": {
        "owner": "nix-community",
        "repo": "nixpkgs.lib",
        "type": "github"
      }
    },
    "nixvim": {
      "inputs": {
        "flake-parts": "flake-parts_2",
        "nixpkgs": [
          "nixpkgs"
        ],
        "systems": "systems"
      },
      "locked": {
        "lastModified": 1788190018,
        "narHash": "sha256-59BAfH0txPAZrPBF4QJqwvUWppD+ICrcjA1LZAmPnrQ=",
        "owner": "nix-community",
        "repo": "nixvim",
        "rev": "41844750e55f17b1385d5b09ca7ade5f11f49506",
        "type": "github"
      },
      "original": {
        "owner": "nix-community",
        "repo": "nixvim",
        "type": "github"
      }
    },
    "root": {
      "inputs": {
        "caveman": "caveman",
        "claude-plugins-official": "claude-plugins-official",
        "flake-parts": "flake-parts",
        "grafana-skills": "grafana-skills",
        "home-manager": "home-manager",
        "import-tree": "import-tree",
        "mattpocock-skills": "mattpocock-skills",
        "nixpkgs": "nixpkgs",
        "nixvim": "nixvim",
        "skill-optimizer": "skill-optimizer",
        "sops-nix": "sops-nix",
        "stop-slop": "stop-slop"
      }
    },
    "skill-optimizer": {
      "flake": false,
      "locked": {
        "lastModified": 1778743528,
        "narHash": "sha256-bmlc9nD0Tz62sy+Grvt6ZWhuNQjk6AjuMy0aLPw+ZE8=",
        "owner": "hqhq1025",
        "repo": "skill-optimizer",
        "rev": "b9ffd1513e84136b72e2b6f041dc1ebfd9e23a84",
        "type": "github"
      },
      "original": {
        "owner": "hqhq1025",
        "repo": "skill-optimizer",
        "type": "github"
      }
    },
    "sops-nix": {
      "inputs": {
        "nixpkgs": [
          "nixpkgs"
        ]
      },
      "locked": {
        "lastModified": 1788914643,
        "narHash": "sha256-4GuMPW90JSxXWDPUB9M+1m7fYbe3H0apOd86/zBQ2Kw=",
        "owner": "Mic92",
        "repo": "sops-nix",
        "rev": "13616fff713a9f94055c66f15687ebdc17a335df",
        "type": "github"
      },
      "original": {
        "owner": "Mic92",
        "repo": "sops-nix",
        "type": "github"
      }
    },
    "stop-slop": {
      "flake": false,
      "locked": {
        "lastModified": 1773773436,
        "narHash": "sha256-JMqlCRVEAfwG1TLMDpnamznkBfkmX6e2XyETTTH/TSE=",
        "owner": "hardikpandya",
        "repo": "stop-slop",
        "rev": "8da1f030185bdfe8471220585162991eaeb970e9",
        "type": "github"
      },
      "original": {
        "owner": "hardikpandya",
        "repo": "stop-slop",
        "type": "github"
      }
    },
    "systems": {
      "flake": false,
      "locked": {
        "lastModified": 1774449309,
        "narHash": "sha256-brhZ8DmuGtzkCYHJg4HEd602amKm89Y9ytsFZ5uWD1w=",
        "owner": "nix-systems",
        "repo": "default",
        "rev": "c29398b59d2048c4ab79345812849c9bd15e9150",
        "type": "github"
      },
      "original": {
        "owner": "nix-systems",
        "ref": "future-26.11",
        "repo": "default",
        "type": "github"
      }
    }
  },
  "root": "root",
  "version": 7
}
